
Microsoft Visual Studio Solution File, Format Version 12.00
# Visual Studio Version 17
VisualStudioVersion = 17.5.2.0
MinimumVisualStudioVersion = 10.0.40219.1
Project("{FAE04EC0-301F-11D3-BF4B-00C04F79EFBC}") = "LibraryApp", "LibraryApp.csproj", "{770D0527-6911-DDD7-D7CC-BB1BE06A963C}"
EndProject
Project("{FAE04EC0-301F-11D3-BF4B-00C04F79EFBC}") = "LibraryApp.Tests", "..\LibraryApp.Tests\LibraryApp.Tests.csproj", "{4574A907-FA6A-4D32-9A01-380F3D34BF32}"
EndProject
Global
	GlobalSection(SolutionConfigurationPlatforms) = preSolution
		Debug|Any CPU = Debug|Any CPU
		Debug|x64 = Debug|x64
		Debug|x86 = Debug|x86
		Release|Any CPU = Release|Any CPU
		Release|x64 = Release|x64
		Release|x86 = Release|x86
	EndGlobalSection
	GlobalSection(ProjectConfigurationPlatforms) = postSolution
		{770D0527-6911-DDD7-D7CC-BB1BE06A963C}.Debug|Any CPU.ActiveCfg = Debug|Any CPU
		{770D0527-6911-DDD7-D7CC-BB1BE06A963C}.Debug|Any CPU.Build.0 = Debug|Any CPU
		{770D0527-6911-DDD7-D7CC-BB1BE06A963C}.Debug|x64.ActiveCfg = Debug|Any CPU
		{770D0527-6911-DDD7-D7CC-BB1BE06A963C}.Debug|x64.Build.0 = Debug|Any CPU
		{770D0527-6911-DDD7-D7CC-BB1BE06A963C}.Debug|x86.ActiveCfg = Debug|Any CPU
		{770D0527-6911-DDD7-D7CC-BB1BE06A963C}.Debug|x86.Build.0 = Debug|Any CPU
		{770D0527-6911-DDD7-D7CC-BB1BE06A963C}.Release|Any CPU.ActiveCfg = Release|Any CPU
		{770D0527-6911-DDD7-D7CC-BB1BE06A963C}.Release|Any CPU.Build.0 = Release|Any CPU
		{770D0527-6911-DDD7-D7CC-BB1BE06A963C}.Release|x64.ActiveCfg = Release|Any CPU
		{770D0527-6911-DDD7-D7CC-BB1BE06A963C}.Release|x64.Build.0 = Release|Any CPU
		{770D0527-6911-DDD7-D7CC-BB1BE06A963C}.Release|x86.ActiveCfg = Release|Any CPU
		{770D0527-6911-DDD7-D7CC-BB1BE06A963C}.Release|x86.Build.0 = Release|Any CPU
		{4574A907-FA6A-4D32-9A01-380F3D34BF32}.Debug|Any CPU.ActiveCfg = Debug|Any CPU
		{4574A907-FA6A-4D32-9A01-380F3D34BF32}.Debug|Any CPU.Build.0 = Debug|Any CPU
		{4574A907-FA6A-4D32-9A01-380F3D34BF32}.Debug|x64.ActiveCfg = Debug|Any CPU
		{4574A907-FA6A-4D32-9A01-380F3D34BF32}.Debug|x64.Build.0 = Debug|Any CPU
		{4574A907-FA6A-4D32-9A01-380F3D34BF32}.Debug|x86.ActiveCfg = Debug|Any CPU
		{4574A907-FA6A-4D32-9A01-380F3D34BF32}.Debug|x86.Build.0 = Debug|Any CPU
		{4574A907-FA6A-4D32-9A01-380F3D34BF32}.Release|Any CPU.ActiveCfg = Release|Any CPU
		{4574A907-FA6A-4D32-9A01-380F3D34BF32}.Release|Any CPU.Build.0 = Release|Any CPU
		{4574A907-FA6A-4D32-9A01-380F3D34BF32}.Release|x64.ActiveCfg = Release|Any CPU
		{4574A907-FA6A-4D32-9A01-380F3D34BF32}.Release|x64.Build.0 = Release|Any CPU
		{4574A907-FA6A-4D32-9A01-380F3D34BF32}.Release|x86.ActiveCfg = Release|Any CPU
		{4574A907-FA6A-4D32-9A01-380F3D34BF32}.Release|x86.Build.0 = Release|Any CPU
	EndGlobalSection
	GlobalSection(SolutionProperties) = preSolution
		HideSolutionNode = FALSE
	EndGlobalSection
	GlobalSection(ExtensibilityGlobals) = postSolution
		SolutionGuid = {0A03B18E-AAD5-495F-8DA9-ED92BF82612C}
	EndGlobalSection
EndGlobal
